// !$*UTF8*$!
{
	archiveVersion = 1;
	classes = {
	};
	objectVersion = 50;
	objects = {

/* Begin PBXBuildFile section */
		4D1D0A1327026A490062D10E /* main.swift in Sources */ = {isa = PBXBuildFile; fileRef = 4D1D0A1227026A490062D10E /* main.swift */; };
		4D1D0A1A27026B860062D10E /* MainViewController.swift in Sources */ = {isa = PBXBuildFile; fileRef = 4D1D0A1927026B860062D10E /* MainViewController.swift */; };
		4D1FD8022710712200F1D13E /* GenericView.swift in Sources */ = {isa = PBXBuildFile; fileRef = 4D1FD8012710712200F1D13E /* GenericView.swift */; };
		4D1FD8052710879900F1D13E /* Routes.swift in Sources */ = {isa = PBXBuildFile; fileRef = 4D1FD8042710879900F1D13E /* Routes.swift */; };
		4D5408B8270CBCDF006EBC8D /* UserDatabase.swift in Sources */ = {isa = PBXBuildFile; fileRef = 4D5408B7270CBCDF006EBC8D /* UserDatabase.swift */; };
		4D5408BA270CD289006EBC8D /* AccountViewController.swift in Sources */ = {isa = PBXBuildFile; fileRef = 4D5408B9270CD289006EBC8D /* AccountViewController.swift */; };
		4D60B8472703827000E0A105 /* Account.swift in Sources */ = {isa = PBXBuildFile; fileRef = 4D60B8462703827000E0A105 /* Account.swift */; };
		4D60B849270392B900E0A105 /* User.swift in Sources */ = {isa = PBXBuildFile; fileRef = 4D60B848270392B900E0A105 /* User.swift */; };
		4D695FE1271472EC00577C61 /* Pix.swift in Sources */ = {isa = PBXBuildFile; fileRef = 4D695FE0271472EC00577C61 /* Pix.swift */; };
		4D695FE32714A52E00577C61 /* PixView.swift in Sources */ = {isa = PBXBuildFile; fileRef = 4D695FE22714A52E00577C61 /* PixView.swift */; };
		4D695FE52714A6C900577C61 /* PixController.swift in Sources */ = {isa = PBXBuildFile; fileRef = 4D695FE42714A6C900577C61 /* PixController.swift */; };
		4D7AC9DB2704EA9A00F468BA /* RegisterAccountController.swift in Sources */ = {isa = PBXBuildFile; fileRef = 4D7AC9DA2704EA9A00F468BA /* RegisterAccountController.swift */; };
		4D9EB9B6270DAFE500C80686 /* Validation.swift in Sources */ = {isa = PBXBuildFile; fileRef = 4D9EB9B5270DAFE500C80686 /* Validation.swift */; };
		4D9EB9B8270E0C9F00C80686 /* AccountView.swift in Sources */ = {isa = PBXBuildFile; fileRef = 4D9EB9B7270E0C9F00C80686 /* AccountView.swift */; };
		4D9EB9BA270E173C00C80686 /* AccountService.swift in Sources */ = {isa = PBXBuildFile; fileRef = 4D9EB9B9270E173C00C80686 /* AccountService.swift */; };
		4DFFC5FC270B92BA00EDA874 /* MainView.swift in Sources */ = {isa = PBXBuildFile; fileRef = 4DFFC5FB270B92BA00EDA874 /* MainView.swift */; };
/* End PBXBuildFile section */

/* Begin PBXCopyFilesBuildPhase section */
		4D1D0A0D27026A490062D10E /* CopyFiles */ = {
			isa = PBXCopyFilesBuildPhase;
			buildActionMask = 2147483647;
			dstPath = /usr/share/man/man1/;
			dstSubfolderSpec = 0;
			files = (
			);
			runOnlyForDeploymentPostprocessing = 1;
		};
/* End PBXCopyFilesBuildPhase section */

/* Begin PBXFileReference section */
		4D1D0A0F27026A490062D10E /* Iti Project */ = {isa = PBXFileReference; explicitFileType = "compiled.mach-o.executable"; includeInIndex = 0; path = "Iti Project"; sourceTree = BUILT_PRODUCTS_DIR; };
		4D1D0A1227026A490062D10E /* main.swift */ = {isa = PBXFileReference; lastKnownFileType = sourcecode.swift; path = main.swift; sourceTree = "<group>"; };
		4D1D0A1927026B860062D10E /* MainViewController.swift */ = {isa = PBXFileReference; lastKnownFileType = sourcecode.swift; path = MainViewController.swift; sourceTree = "<group>"; };
		4D1FD8012710712200F1D13E /* GenericView.swift */ = {isa = PBXFileReference; lastKnownFileType = sourcecode.swift; path = GenericView.swift; sourceTree = "<group>"; };
		4D1FD8042710879900F1D13E /* Routes.swift */ = {isa = PBXFileReference; lastKnownFileType = sourcecode.swift; path = Routes.swift; sourceTree = "<group>"; };
		4D5408B7270CBCDF006EBC8D /* UserDatabase.swift */ = {isa = PBXFileReference; lastKnownFileType = sourcecode.swift; path = UserDatabase.swift; sourceTree = "<group>"; };
		4D5408B9270CD289006EBC8D /* AccountViewController.swift */ = {isa = PBXFileReference; lastKnownFileType = sourcecode.swift; path = AccountViewController.swift; sourceTree = "<group>"; };
		4D60B8462703827000E0A105 /* Account.swift */ = {isa = PBXFileReference; lastKnownFileType = sourcecode.swift; path = Account.swift; sourceTree = "<group>"; };
		4D60B848270392B900E0A105 /* User.swift */ = {isa = PBXFileReference; lastKnownFileType = sourcecode.swift; path = User.swift; sourceTree = "<group>"; };
		4D695FE0271472EC00577C61 /* Pix.swift */ = {isa = PBXFileReference; lastKnownFileType = sourcecode.swift; path = Pix.swift; sourceTree = "<group>"; };
		4D695FE22714A52E00577C61 /* PixView.swift */ = {isa = PBXFileReference; lastKnownFileType = sourcecode.swift; path = PixView.swift; sourceTree = "<group>"; };
		4D695FE42714A6C900577C61 /* PixController.swift */ = {isa = PBXFileReference; lastKnownFileType = sourcecode.swift; path = PixController.swift; sourceTree = "<group>"; };
		4D7AC9DA2704EA9A00F468BA /* RegisterAccountController.swift */ = {isa = PBXFileReference; lastKnownFileType = sourcecode.swift; path = RegisterAccountController.swift; sourceTree = "<group>"; };
		4D9EB9B5270DAFE500C80686 /* Validation.swift */ = {isa = PBXFileReference; lastKnownFileType = sourcecode.swift; path = Validation.swift; sourceTree = "<group>"; };
		4D9EB9B7270E0C9F00C80686 /* AccountView.swift */ = {isa = PBXFileReference; lastKnownFileType = sourcecode.swift; path = AccountView.swift; sourceTree = "<group>"; };
		4D9EB9B9270E173C00C80686 /* AccountService.swift */ = {isa = PBXFileReference; lastKnownFileType = sourcecode.swift; path = AccountService.swift; sourceTree = "<group>"; };
		4DFFC5FB270B92BA00EDA874 /* MainView.swift */ = {isa = PBXFileReference; lastKnownFileType = sourcecode.swift; path = MainView.swift; sourceTree = "<group>"; };
/* End PBXFileReference section */

/* Begin PBXFrameworksBuildPhase section */
		4D1D0A0C27026A490062D10E /* Frameworks */ = {
			isa = PBXFrameworksBuildPhase;
			buildActionMask = 2147483647;
			files = (
			);
			runOnlyForDeploymentPostprocessing = 0;
		};
/* End PBXFrameworksBuildPhase section */

/* Begin PBXGroup section */
		4D1D0A0627026A490062D10E = {
			isa = PBXGroup;
			children = (
				4D1D0A1127026A490062D10E /* Iti Project */,
				4D1D0A1027026A490062D10E /* Products */,
			);
			sourceTree = "<group>";
		};
		4D1D0A1027026A490062D10E /* Products */ = {
			isa = PBXGroup;
			children = (
				4D1D0A0F27026A490062D10E /* Iti Project */,
			);
			name = Products;
			sourceTree = "<group>";
		};
		4D1D0A1127026A490062D10E /* Iti Project */ = {
			isa = PBXGroup;
			children = (
				4D695FDF271472D800577C61 /* Pix */,
				4D1FD8062710CB3C00F1D13E /* Generic */,
				4D1FD8032710877B00F1D13E /* Routes */,
				4D9EB9B4270DAFCF00C80686 /* Validation */,
				4D9EB9B3270DA9C800C80686 /* User */,
				4D5408B6270CBCC2006EBC8D /* Database */,
				4D5408B5270CAB20006EBC8D /* Account */,
				4DFFC5FD270BA72900EDA874 /* Register */,
				4D1D0A1227026A490062D10E /* main.swift */,
				4DFFC5FA270B91A400EDA874 /* MainView */,
			);
			path = "Iti Project";
			sourceTree = "<group>";
		};
		4D1FD8032710877B00F1D13E /* Routes */ = {
			isa = PBXGroup;
			children = (
				4D1FD8042710879900F1D13E /* Routes.swift */,
			);
			path = Routes;
			sourceTree = "<group>";
		};
		4D1FD8062710CB3C00F1D13E /* Generic */ = {
			isa = PBXGroup;
			children = (
				4D1FD8012710712200F1D13E /* GenericView.swift */,
			);
			path = Generic;
			sourceTree = "<group>";
		};
		4D5408B5270CAB20006EBC8D /* Account */ = {
			isa = PBXGroup;
			children = (
				4D5408B9270CD289006EBC8D /* AccountViewController.swift */,
				4D60B8462703827000E0A105 /* Account.swift */,
				4D9EB9B7270E0C9F00C80686 /* AccountView.swift */,
				4D9EB9B9270E173C00C80686 /* AccountService.swift */,
			);
			path = Account;
			sourceTree = "<group>";
		};
		4D5408B6270CBCC2006EBC8D /* Database */ = {
			isa = PBXGroup;
			children = (
				4D5408B7270CBCDF006EBC8D /* UserDatabase.swift */,
			);
			path = Database;
			sourceTree = "<group>";
		};
		4D695FDF271472D800577C61 /* Pix */ = {
			isa = PBXGroup;
			children = (
				4D695FE0271472EC00577C61 /* Pix.swift */,
				4D695FE22714A52E00577C61 /* PixView.swift */,
				4D695FE42714A6C900577C61 /* PixController.swift */,
			);
			path = Pix;
			sourceTree = "<group>";
		};
		4D9EB9B3270DA9C800C80686 /* User */ = {
			isa = PBXGroup;
			children = (
				4D60B848270392B900E0A105 /* User.swift */,
			);
			path = User;
			sourceTree = "<group>";
		};
		4D9EB9B4270DAFCF00C80686 /* Validation */ = {
			isa = PBXGroup;
			children = (
				4D9EB9B5270DAFE500C80686 /* Validation.swift */,
			);
			path = Validation;
			sourceTree = "<group>";
		};
		4DFFC5FA270B91A400EDA874 /* MainView */ = {
			isa = PBXGroup;
			children = (
				4D1D0A1927026B860062D10E /* MainViewController.swift */,
				4DFFC5FB270B92BA00EDA874 /* MainView.swift */,
			);
			path = MainView;
			sourceTree = "<group>";
		};
		4DFFC5FD270BA72900EDA874 /* Register */ = {
			isa = PBXGroup;
			children = (
				4D7AC9DA2704EA9A00F468BA /* RegisterAccountController.swift */,
			);
			path = Register;
			sourceTree = "<group>";
		};
/* End PBXGroup section */

/* Begin PBXNativeTarget section */
		4D1D0A0E27026A490062D10E /* Iti Project */ = {
			isa = PBXNativeTarget;
			buildConfigurationList = 4D1D0A1627026A490062D10E /* Build configuration list for PBXNativeTarget "Iti Project" */;
			buildPhases = (
				4D1D0A0B27026A490062D10E /* Sources */,
				4D1D0A0C27026A490062D10E /* Frameworks */,
				4D1D0A0D27026A490062D10E /* CopyFiles */,
			);
			buildRules = (
			);
			dependencies = (
			);
			name = "Iti Project";
			productName = "Iti Project";
			productReference = 4D1D0A0F27026A490062D10E /* Iti Project */;
			productType = "com.apple.product-type.tool";
		};
/* End PBXNativeTarget section */

/* Begin PBXProject section */
		4D1D0A0727026A490062D10E /* Project object */ = {
			isa = PBXProject;
			attributes = {
				LastSwiftUpdateCheck = 1250;
				LastUpgradeCheck = 1250;
				TargetAttributes = {
					4D1D0A0E27026A490062D10E = {
						CreatedOnToolsVersion = 12.5.1;
					};
				};
			};
			buildConfigurationList = 4D1D0A0A27026A490062D10E /* Build configuration list for PBXProject "Iti Project" */;
			compatibilityVersion = "Xcode 9.3";
			developmentRegion = en;
			hasScannedForEncodings = 0;
			knownRegions = (
				en,
				Base,
			);
			mainGroup = 4D1D0A0627026A490062D10E;
			productRefGroup = 4D1D0A1027026A490062D10E /* Products */;
			projectDirPath = "";
			projectRoot = "";
			targets = (
				4D1D0A0E27026A490062D10E /* Iti Project */,
			);
		};
/* End PBXProject section */

/* Begin PBXSourcesBuildPhase section */
		4D1D0A0B27026A490062D10E /* Sources */ = {
			isa = PBXSourcesBuildPhase;
			buildActionMask = 2147483647;
			files = (
				4D1D0A1327026A490062D10E /* main.swift in Sources */,
				4D695FE1271472EC00577C61 /* Pix.swift in Sources */,
				4D5408B8270CBCDF006EBC8D /* UserDatabase.swift in Sources */,
				4D695FE52714A6C900577C61 /* PixController.swift in Sources */,
				4D7AC9DB2704EA9A00F468BA /* RegisterAccountController.swift in Sources */,
				4D60B849270392B900E0A105 /* User.swift in Sources */,
				4D9EB9B8270E0C9F00C80686 /* AccountView.swift in Sources */,
				4D695FE32714A52E00577C61 /* PixView.swift in Sources */,
				4D9EB9B6270DAFE500C80686 /* Validation.swift in Sources */,
				4D60B8472703827000E0A105 /* Account.swift in Sources */,
				4D1D0A1A27026B860062D10E /* MainViewController.swift in Sources */,
				4D1FD8052710879900F1D13E /* Routes.swift in Sources */,
				4D5408BA270CD289006EBC8D /* AccountViewController.swift in Sources */,
				4D1FD8022710712200F1D13E /* GenericView.swift in Sources */,
				4D9EB9BA270E173C00C80686 /* AccountService.swift in Sources */,
				4DFFC5FC270B92BA00EDA874 /* MainView.swift in Sources */,
			);
			runOnlyForDeploymentPostprocessing = 0;
		};
/* End PBXSourcesBuildPhase section */

/* Begin XCBuildConfiguration section */
		4D1D0A1427026A490062D10E /* Debug */ = {
			isa = XCBuildConfiguration;
			buildSettings = {
				ALWAYS_SEARCH_USER_PATHS = NO;
				CLANG_ANALYZER_NONNULL = YES;
				CLANG_ANALYZER_NUMBER_OBJECT_CONVERSION = YES_AGGRESSIVE;
				CLANG_CXX_LANGUAGE_STANDARD = "gnu++14";
				CLANG_CXX_LIBRARY = "libc++";
				CLANG_ENABLE_MODULES = YES;
				CLANG_ENABLE_OBJC_ARC = YES;
				CLANG_ENABLE_OBJC_WEAK = YES;
				CLANG_WARN_BLOCK_CAPTURE_AUTORELEASING = YES;
				CLANG_WARN_BOOL_CONVERSION = YES;
				CLANG_WARN_COMMA = YES;
				CLANG_WARN_CONSTANT_CONVERSION = YES;
				CLANG_WARN_DEPRECATED_OBJC_IMPLEMENTATIONS = YES;
				CLANG_WARN_DIRECT_OBJC_ISA_USAGE = YES_ERROR;
				CLANG_WARN_DOCUMENTATION_COMMENTS = YES;
				CLANG_WARN_EMPTY_BODY = YES;
				CLANG_WARN_ENUM_CONVERSION = YES;
				CLANG_WARN_INFINITE_RECURSION = YES;
				CLANG_WARN_INT_CONVERSION = YES;
				CLANG_WARN_NON_LITERAL_NULL_CONVERSION = YES;
				CLANG_WARN_OBJC_IMPLICIT_RETAIN_SELF = YES;
				CLANG_WARN_OBJC_LITERAL_CONVERSION = YES;
				CLANG_WARN_OBJC_ROOT_CLASS = YES_ERROR;
				CLANG_WARN_QUOTED_INCLUDE_IN_FRAMEWORK_HEADER = YES;
				CLANG_WARN_RANGE_LOOP_ANALYSIS = YES;
				CLANG_WARN_STRICT_PROTOTYPES = YES;
				CLANG_WARN_SUSPICIOUS_MOVE = YES;
				CLANG_WARN_UNGUARDED_AVAILABILITY = YES_AGGRESSIVE;
				CLANG_WARN_UNREACHABLE_CODE = YES;
				CLANG_WARN__DUPLICATE_METHOD_MATCH = YES;
				COPY_PHASE_STRIP = NO;
				DEBUG_INFORMATION_FORMAT = dwarf;
				ENABLE_STRICT_OBJC_MSGSEND = YES;
				ENABLE_TESTABILITY = YES;
				GCC_C_LANGUAGE_STANDARD = gnu11;
				GCC_DYNAMIC_NO_PIC = NO;
				GCC_NO_COMMON_BLOCKS = YES;
				GCC_OPTIMIZATION_LEVEL = 0;
				GCC_PREPROCESSOR_DEFINITIONS = (
					"DEBUG=1",
					"$(inherited)",
				);
				GCC_WARN_64_TO_32_BIT_CONVERSION = YES;
				GCC_WARN_ABOUT_RETURN_TYPE = YES_ERROR;
				GCC_WARN_UNDECLARED_SELECTOR = YES;
				GCC_WARN_UNINITIALIZED_AUTOS = YES_AGGRESSIVE;
				GCC_WARN_UNUSED_FUNCTION = YES;
				GCC_WARN_UNUSED_VARIABLE = YES;
				MACOSX_DEPLOYMENT_TARGET = 11.3;
				MTL_ENABLE_DEBUG_INFO = INCLUDE_SOURCE;
				MTL_FAST_MATH = YES;
				ONLY_ACTIVE_ARCH = YES;
				SDKROOT = macosx;
				SWIFT_ACTIVE_COMPILATION_CONDITIONS = DEBUG;
				SWIFT_OPTIMIZATION_LEVEL = "-Onone";
			};
			name = Debug;
		};
		4D1D0A1527026A490062D10E /* Release */ = {
			isa = XCBuildConfiguration;
			buildSettings = {
				ALWAYS_SEARCH_USER_PATHS = NO;
				CLANG_ANALYZER_NONNULL = YES;
				CLANG_ANALYZER_NUMBER_OBJECT_CONVERSION = YES_AGGRESSIVE;
				CLANG_CXX_LANGUAGE_STANDARD = "gnu++14";
				CLANG_CXX_LIBRARY = "libc++";
				CLANG_ENABLE_MODULES = YES;
				CLANG_ENABLE_OBJC_ARC = YES;
				CLANG_ENABLE_OBJC_WEAK = YES;
				CLANG_WARN_BLOCK_CAPTURE_AUTORELEASING = YES;
				CLANG_WARN_BOOL_CONVERSION = YES;
				CLANG_WARN_COMMA = YES;
				CLANG_WARN_CONSTANT_CONVERSION = YES;
				CLANG_WARN_DEPRECATED_OBJC_IMPLEMENTATIONS = YES;
				CLANG_WARN_DIRECT_OBJC_ISA_USAGE = YES_ERROR;
				CLANG_WARN_DOCUMENTATION_COMMENTS = YES;
				CLANG_WARN_EMPTY_BODY = YES;
				CLANG_WARN_ENUM_CONVERSION = YES;
				CLANG_WARN_INFINITE_RECURSION = YES;
				CLANG_WARN_INT_CONVERSION = YES;
				CLANG_WARN_NON_LITERAL_NULL_CONVERSION = YES;
				CLANG_WARN_OBJC_IMPLICIT_RETAIN_SELF = YES;
				CLANG_WARN_OBJC_LITERAL_CONVERSION = YES;
				CLANG_WARN_OBJC_ROOT_CLASS = YES_ERROR;
				CLANG_WARN_QUOTED_INCLUDE_IN_FRAMEWORK_HEADER = YES;
				CLANG_WARN_RANGE_LOOP_ANALYSIS = YES;
				CLANG_WARN_STRICT_PROTOTYPES = YES;
				CLANG_WARN_SUSPICIOUS_MOVE = YES;
				CLANG_WARN_UNGUARDED_AVAILABILITY = YES_AGGRESSIVE;
				CLANG_WARN_UNREACHABLE_CODE = YES;
				CLANG_WARN__DUPLICATE_METHOD_MATCH = YES;
				COPY_PHASE_STRIP = NO;
				DEBUG_INFORMATION_FORMAT = "dwarf-with-dsym";
				ENABLE_NS_ASSERTIONS = NO;
				ENABLE_STRICT_OBJC_MSGSEND = YES;
				GCC_C_LANGUAGE_STANDARD = gnu11;
				GCC_NO_COMMON_BLOCKS = YES;
				GCC_WARN_64_TO_32_BIT_CONVERSION = YES;
				GCC_WARN_ABOUT_RETURN_TYPE = YES_ERROR;
				GCC_WARN_UNDECLARED_SELECTOR = YES;
				GCC_WARN_UNINITIALIZED_AUTOS = YES_AGGRESSIVE;
				GCC_WARN_UNUSED_FUNCTION = YES;
				GCC_WARN_UNUSED_VARIABLE = YES;
				MACOSX_DEPLOYMENT_TARGET = 11.3;
				MTL_ENABLE_DEBUG_INFO = NO;
				MTL_FAST_MATH = YES;
				SDKROOT = macosx;
				SWIFT_COMPILATION_MODE = wholemodule;
				SWIFT_OPTIMIZATION_LEVEL = "-O";
			};
			name = Release;
		};
		4D1D0A1727026A490062D10E /* Debug */ = {
			isa = XCBuildConfiguration;
			buildSettings = {
				CODE_SIGN_STYLE = Automatic;
				PRODUCT_NAME = "$(TARGET_NAME)";
				SWIFT_VERSION = 5.0;
			};
			name = Debug;
		};
		4D1D0A1827026A490062D10E /* Release */ = {
			isa = XCBuildConfiguration;
			buildSettings = {
				CODE_SIGN_STYLE = Automatic;
				PRODUCT_NAME = "$(TARGET_NAME)";
				SWIFT_VERSION = 5.0;
			};
			name = Release;
		};
/* End XCBuildConfiguration section */

/* Begin XCConfigurationList section */
		4D1D0A0A27026A490062D10E /* Build configuration list for PBXProject "Iti Project" */ = {
			isa = XCConfigurationList;
			buildConfigurations = (
				4D1D0A1427026A490062D10E /* Debug */,
				4D1D0A1527026A490062D10E /* Release */,
			);
			defaultConfigurationIsVisible = 0;
			defaultConfigurationName = Release;
		};
		4D1D0A1627026A490062D10E /* Build configuration list for PBXNativeTarget "Iti Project" */ = {
			isa = XCConfigurationList;
			buildConfigurations = (
				4D1D0A1727026A490062D10E /* Debug */,
				4D1D0A1827026A490062D10E /* Release */,
			);
			defaultConfigurationIsVisible = 0;
			defaultConfigurationName = Release;
		};
/* End XCConfigurationList section */
	};
	rootObject = 4D1D0A0727026A490062D10E /* Project object */;
}
